
Microsoft Visual Studio Solution File, Format Version 12.00
# Visual Studio Version 16
VisualStudioVersion = 16.0.31515.178
MinimumVisualStudioVersion = 10.0.40219.1
Project("{FAE04EC0-301F-11D3-BF4B-00C04F79EFBC}") = "Password Generator", "Password Generator\Password Generator.csproj", "{F25C8DE2-BFCB-4E82-9C86-D428DCD58CEF}"
EndProject
Global
	GlobalSection(SolutionConfigurationPlatforms) = preSolution
		Debug|Any CPU = Debug|Any CPU
		Release|Any CPU = Release|Any CPU
	EndGlobalSection
	GlobalSection(ProjectConfigurationPlatforms) = postSolution
		{F25C8DE2-BFCB-4E82-9C86-D428DCD58CEF}.Debug|Any CPU.ActiveCfg = Debug|Any CPU
		{F25C8DE2-BFCB-4E82-9C86-D428DCD58CEF}.Debug|Any CPU.Build.0 = Debug|Any CPU
		{F25C8DE2-BFCB-4E82-9C86-D428DCD58CEF}.Release|Any CPU.ActiveCfg = Release|Any CPU
		{F25C8DE2-BFCB-4E82-9C86-D428DCD58CEF}.Release|Any CPU.Build.0 = Release|Any CPU
	EndGlobalSection
	GlobalSection(SolutionProperties) = preSolution
		HideSolutionNode = FALSE
	EndGlobalSection
	GlobalSection(ExtensibilityGlobals) = postSolution
		SolutionGuid = {C666A50B-2EBD-4406-A552-E0888F93E59F}
	EndGlobalSection
EndGlobal
